
Microsoft Visual Studio Solution File, Format Version 12.00
# Visual Studio 15
VisualStudioVersion = 15.0.28307.1169
MinimumVisualStudioVersion = 10.0.40219.1
Project("{FAE04EC0-301F-11D3-BF4B-00C04F79EFBC}") = "MiniDumpSnapshot", "MiniDumpSnapshot\MiniDumpSnapshot.csproj", "{A243DAD3-EEF3-495B-A196-AD38BEB9CF0E}"
EndProject
Global
	GlobalSection(SolutionConfigurationPlatforms) = preSolution
		Debug|Any CPU = Debug|Any CPU
		Release|Any CPU = Release|Any CPU
	EndGlobalSection
	GlobalSection(ProjectConfigurationPlatforms) = postSolution
		{A243DAD3-EEF3-495B-A196-AD38BEB9CF0E}.Debug|Any CPU.ActiveCfg = Debug|Any CPU
		{A243DAD3-EEF3-495B-A196-AD38BEB9CF0E}.Debug|Any CPU.Build.0 = Debug|Any CPU
		{A243DAD3-EEF3-495B-A196-AD38BEB9CF0E}.Release|Any CPU.ActiveCfg = Release|Any CPU
		{A243DAD3-EEF3-495B-A196-AD38BEB9CF0E}.Release|Any CPU.Build.0 = Release|Any CPU
	EndGlobalSection
	GlobalSection(SolutionProperties) = preSolution
		HideSolutionNode = FALSE
	EndGlobalSection
	GlobalSection(ExtensibilityGlobals) = postSolution
		SolutionGuid = {724920AA-9150-4E7C-9C21-C045A5DD715D}
	EndGlobalSection
EndGlobal
